
Microsoft Visual Studio Solution File, Format Version 12.00
# Visual Studio Version 16
VisualStudioVersion = 16.0.30803.129
MinimumVisualStudioVersion = 10.0.40219.1
Project("{FAE04EC0-301F-11D3-BF4B-00C04F79EFBC}") = "Dump_Assignment_3", "Dump_Assignment_3.csproj", "{2DAE17CC-7227-44EB-A4C2-0EE4B5D912DD}"
EndProject
Global
	GlobalSection(SolutionConfigurationPlatforms) = preSolution
		Debug|Any CPU = Debug|Any CPU
		Release|Any CPU = Release|Any CPU
	EndGlobalSection
	GlobalSection(ProjectConfigurationPlatforms) = postSolution
		{2DAE17CC-7227-44EB-A4C2-0EE4B5D912DD}.Debug|Any CPU.ActiveCfg = Debug|Any CPU
		{2DAE17CC-7227-44EB-A4C2-0EE4B5D912DD}.Debug|Any CPU.Build.0 = Debug|Any CPU
		{2DAE17CC-7227-44EB-A4C2-0EE4B5D912DD}.Release|Any CPU.ActiveCfg = Release|Any CPU
		{2DAE17CC-7227-44EB-A4C2-0EE4B5D912DD}.Release|Any CPU.Build.0 = Release|Any CPU
	EndGlobalSection
	GlobalSection(SolutionProperties) = preSolution
		HideSolutionNode = FALSE
	EndGlobalSection
	GlobalSection(ExtensibilityGlobals) = postSolution
		SolutionGuid = {CFEE3087-1719-41CA-BB9E-8395BD0768CE}
	EndGlobalSection
EndGlobal
